{
  "name": "TrentoUnica",
  "lockfileVersion": 3,
  "requires": true,
  "packages": {
    "": {
    "node_modules/@googlemaps/js-api-loader": {
      "version": "1.16.8",
      "resolved": "https://registry.npmjs.org/@googlemaps/js-api-loader/-/js-api-loader-1.16.8.tgz",
      "integrity": "sha512-CROqqwfKotdO6EBjZO/gQGVTbeDps5V7Mt9+8+5Q+jTg5CRMi3Ii/L9PmV3USROrt2uWxtGzJHORmByxyo9pSQ==",
      "optional": true
    },
    "node_modules/leaflet": {
      "version": "1.9.4",
      "resolved": "https://registry.npmjs.org/leaflet/-/leaflet-1.9.4.tgz",
      "integrity": "sha512-nxS1ynzJOmOlHp+iL3FyWqK89GtNL8U8rvlMOsQdTTssxZwCXh8N2NB3GDQOL+YR3XnWyZAxwQixURb+FA74PA=="
    },
    "node_modules/leaflet-geosearch": {
      "version": "4.2.0",
      "resolved": "https://registry.npmjs.org/leaflet-geosearch/-/leaflet-geosearch-4.2.0.tgz",
      "integrity": "sha512-UWNhFSaUcLlAP5UQY75ziWCl3cp0UCcmcFczPHLHjuAVPOHoPTe0nSgHJuI3pSTJBQm46NYoZOlgonrWceUznQ==",
      "optionalDependencies": {
        "@googlemaps/js-api-loader": "^1.16.6",
        "leaflet": "^1.6.0"
      }
    }
  }
}
